{
  "version": "3",
  "redirects": {
    "https://ghuc.cc/worker-tools/resolvable-promise/index.ts": "https://raw.githubusercontent.com/worker-tools/resolvable-promise/master/index.ts"
  },
  "remote": {
    "https://cdn.skypack.dev/-/@stardazed/streams-compression@v1.0.0-XirwDwkYQbY24vOLlSNn/dist=es2019,mode=imports/optimized/@stardazed/streams-compression.js": "f7dbe889f116e34bc0e762b789d623e057ec5f2d84703f7fd8bb0ca73686e85b",
    "https://cdn.skypack.dev/-/@stardazed/zlib@v1.0.1-av9r2rVH4lQRa7irngsY/dist=es2019,mode=imports/optimized/@stardazed/zlib.js": "28e17d74a02c72ce713dee321b95e7363a509071e40b420e6ee7758dcf13e028",
    "https://cdn.skypack.dev/@stardazed/streams-compression@1.0.0": "bff22f0bfff4d2a59126ea0843a14a07dc2ae170610e449050c54ed5b8e12586",
    "https://deno.land/std@0.134.0/encoding/base64.ts": "c8c16b4adaa60d7a8eee047c73ece26844435e8f7f1328d74593dbb2dd58ea4f",
    "https://deno.land/std@0.134.0/fmt/colors.ts": "30455035d6d728394781c10755351742dd731e3db6771b1843f9b9e490104d37",
    "https://deno.land/std@0.134.0/testing/_diff.ts": "9d849cd6877694152e01775b2d93f9d6b7aef7e24bfe3bfafc4d7a1ac8e9f392",
    "https://deno.land/std@0.134.0/testing/asserts.ts": "b0ef969032882b1f7eb1c7571e313214baa1485f7b61cf35807b2434e254365c",
    "https://deno.land/x/html_rewriter@v0.1.0-pre.17/base64.ts": "e8d2d578d4e7449258d3d836248b41f6c47648600ae199439e6dbc467fcbcbd4",
    "https://deno.land/x/html_rewriter@v0.1.0-pre.17/polyfill-base64.ts": "931e8e3b7f90ed7dbdc338a343518dfdc0e5ac8931d13486722eb3c7e7711f8a",
    "https://deno.land/x/html_rewriter@v0.1.0-pre.17/vendor/asyncify.js": "a70e36d0143de2de2e813917d740259ee71bcf1df75ceeaac0c1bc0ef7cc9a29",
    "https://deno.land/x/html_rewriter@v0.1.0-pre.17/vendor/html_rewriter.js": "00d95be2544925661bcf0c62afc07dcba610c1c6f157d11a9eb3709da7005ef7",
    "https://esm.sh/@qpoint/endpoint@0.0.1?bundle": "e23eda0b2201d1e5d02e9e3b9a2387215283d8b8d5512fd9fa45473829e97a72",
    "https://esm.sh/@qpoint/mask-urls@0.1.3?bundle": "6229e3ec9c3312b81bc327fe18af2fca4a6fa9167b9006b1a374be0c0a7e58ef",
    "https://esm.sh/@qpoint/rewrite-html@0.1.2?bundle": "e174fa57e90f7e347865edede8863c3b6f5547d13b1ab04745583afa7e4472bd",
    "https://esm.sh/v135/@qpoint/endpoint@0.0.1/denonext/endpoint.bundle.mjs": "c0980f314d12a49a4d5643c056a3d38d924659cddd09229e51fea5bb1738a286",
    "https://esm.sh/v135/@qpoint/mask-urls@0.1.3/denonext/mask-urls.bundle.mjs": "825c86eecae62a76e590a5a1ae9f51ce75ee52badaf9ae2275db82d9bfaa2329",
    "https://esm.sh/v135/@qpoint/rewrite-html@0.1.2/denonext/rewrite-html.bundle.mjs": "46bdaa12057917e5bf33fc213d2684b3c43843ca5d6e7e60917b83bf1655e0ba",
    "https://raw.githubusercontent.com/worker-tools/resolvable-promise/master/index.ts": "67d11f839d8e831074668e29e22c582d0ec0bbfcbf49d639ed33d9baffefed36"
  }
}
